
Microsoft Visual Studio Solution File, Format Version 12.00
# Visual Studio 14
VisualStudioVersion = 14.0.25420.1
MinimumVisualStudioVersion = 10.0.40219.1
Project("{FAE04EC0-301F-11D3-BF4B-00C04F79EFBC}") = "AppAula4", "AppAula4\AppAula4\AppAula4.csproj", "{AD23F701-8468-4E2A-89FE-1880132AE35E}"
EndProject
Project("{FAE04EC0-301F-11D3-BF4B-00C04F79EFBC}") = "AppAula4.Droid", "AppAula4\AppAula4.Droid\AppAula4.Droid.csproj", "{03C11661-218B-4F85-AE79-6A12A3AC5E67}"
EndProject
Project("{FAE04EC0-301F-11D3-BF4B-00C04F79EFBC}") = "AppAula4.iOS", "AppAula4\AppAula4.iOS\AppAula4.iOS.csproj", "{07EED623-8748-4D16-A3FF-756FECB7CD09}"
EndProject
Project("{FAE04EC0-301F-11D3-BF4B-00C04F79EFBC}") = "AppAula4.WinPhone", "AppAula4\AppAula4.WinPhone\AppAula4.WinPhone.csproj", "{18A29421-4A4A-4FF0-81AE-69BE2119668A}"
EndProject
Project("{FAE04EC0-301F-11D3-BF4B-00C04F79EFBC}") = "AppAula4.Windows", "AppAula4\AppAula4.Windows\AppAula4.Windows.csproj", "{A95FD9A8-F081-4CD9-8A38-EEA0F375A764}"
EndProject
Global
	GlobalSection(SolutionConfigurationPlatforms) = preSolution
		Ad-Hoc|Any CPU = Ad-Hoc|Any CPU
		Ad-Hoc|ARM = Ad-Hoc|ARM
		Ad-Hoc|iPhone = Ad-Hoc|iPhone
		Ad-Hoc|iPhoneSimulator = Ad-Hoc|iPhoneSimulator
		Ad-Hoc|x64 = Ad-Hoc|x64
		Ad-Hoc|x86 = Ad-Hoc|x86
		AppStore|Any CPU = AppStore|Any CPU
		AppStore|ARM = AppStore|ARM
		AppStore|iPhone = AppStore|iPhone
		AppStore|iPhoneSimulator = AppStore|iPhoneSimulator
		AppStore|x64 = AppStore|x64
		AppStore|x86 = AppStore|x86
		Debug|Any CPU = Debug|Any CPU
		Debug|ARM = Debug|ARM
		Debug|iPhone = Debug|iPhone
		Debug|iPhoneSimulator = Debug|iPhoneSimulator
		Debug|x64 = Debug|x64
		Debug|x86 = Debug|x86
		Release|Any CPU = Release|Any CPU
		Release|ARM = Release|ARM
		Release|iPhone = Release|iPhone
		Release|iPhoneSimulator = Release|iPhoneSimulator
		Release|x64 = Release|x64
		Release|x86 = Release|x86
	EndGlobalSection
	GlobalSection(ProjectConfigurationPlatforms) = postSolution
		{AD23F701-8468-4E2A-89FE-1880132AE35E}.Ad-Hoc|Any CPU.ActiveCfg = Release|Any CPU
		{AD23F701-8468-4E2A-89FE-1880132AE35E}.Ad-Hoc|Any CPU.Build.0 = Release|Any CPU
		{AD23F701-8468-4E2A-89FE-1880132AE35E}.Ad-Hoc|ARM.ActiveCfg = Release|Any CPU
		{AD23F701-8468-4E2A-89FE-1880132AE35E}.Ad-Hoc|ARM.Build.0 = Release|Any CPU
		{AD23F701-8468-4E2A-89FE-1880132AE35E}.Ad-Hoc|iPhone.ActiveCfg = Release|Any CPU
		{AD23F701-8468-4E2A-89FE-1880132AE35E}.Ad-Hoc|iPhone.Build.0 = Release|Any CPU
		{AD23F701-8468-4E2A-89FE-1880132AE35E}.Ad-Hoc|iPhoneSimulator.ActiveCfg = Release|Any CPU
		{AD23F701-8468-4E2A-89FE-1880132AE35E}.Ad-Hoc|iPhoneSimulator.Build.0 = Release|Any CPU
		{AD23F701-8468-4E2A-89FE-1880132AE35E}.Ad-Hoc|x64.ActiveCfg = Release|Any CPU
		{AD23F701-8468-4E2A-89FE-1880132AE35E}.Ad-Hoc|x64.Build.0 = Release|Any CPU
		{AD23F701-8468-4E2A-89FE-1880132AE35E}.Ad-Hoc|x86.ActiveCfg = Release|Any CPU
		{AD23F701-8468-4E2A-89FE-1880132AE35E}.Ad-Hoc|x86.Build.0 = Release|Any CPU
		{AD23F701-8468-4E2A-89FE-1880132AE35E}.AppStore|Any CPU.ActiveCfg = Release|Any CPU
		{AD23F701-8468-4E2A-89FE-1880132AE35E}.AppStore|Any CPU.Build.0 = Release|Any CPU
		{AD23F701-8468-4E2A-89FE-1880132AE35E}.AppStore|ARM.ActiveCfg = Release|Any CPU
		{AD23F701-8468-4E2A-89FE-1880132AE35E}.AppStore|ARM.Build.0 = Release|Any CPU
		{AD23F701-8468-4E2A-89FE-1880132AE35E}.AppStore|iPhone.ActiveCfg = Release|Any CPU
		{AD23F701-8468-4E2A-89FE-1880132AE35E}.AppStore|iPhone.Build.0 = Release|Any CPU
		{AD23F701-8468-4E2A-89FE-1880132AE35E}.AppStore|iPhoneSimulator.ActiveCfg = Release|Any CPU
		{AD23F701-8468-4E2A-89FE-1880132AE35E}.AppStore|iPhoneSimulator.Build.0 = Release|Any CPU
		{AD23F701-8468-4E2A-89FE-1880132AE35E}.AppStore|x64.ActiveCfg = Release|Any CPU
		{AD23F701-8468-4E2A-89FE-1880132AE35E}.AppStore|x64.Build.0 = Release|Any CPU
		{AD23F701-8468-4E2A-89FE-1880132AE35E}.AppStore|x86.ActiveCfg = Release|Any CPU
		{AD23F701-8468-4E2A-89FE-1880132AE35E}.AppStore|x86.Build.0 = Release|Any CPU
		{AD23F701-8468-4E2A-89FE-1880132AE35E}.Debug|Any CPU.ActiveCfg = Debug|Any CPU
		{AD23F701-8468-4E2A-89FE-1880132AE35E}.Debug|Any CPU.Build.0 = Debug|Any CPU
		{AD23F701-8468-4E2A-89FE-1880132AE35E}.Debug|ARM.ActiveCfg = Debug|Any CPU
		{AD23F701-8468-4E2A-89FE-1880132AE35E}.Debug|ARM.Build.0 = Debug|Any CPU
		{AD23F701-8468-4E2A-89FE-1880132AE35E}.Debug|iPhone.ActiveCfg = Debug|Any CPU
		{AD23F701-8468-4E2A-89FE-1880132AE35E}.Debug|iPhone.Build.0 = Debug|Any CPU
		{AD23F701-8468-4E2A-89FE-1880132AE35E}.Debug|iPhoneSimulator.ActiveCfg = Debug|Any CPU
		{AD23F701-8468-4E2A-89FE-1880132AE35E}.Debug|iPhoneSimulator.Build.0 = Debug|Any CPU
		{AD23F701-8468-4E2A-89FE-1880132AE35E}.Debug|x64.ActiveCfg = Debug|Any CPU
		{AD23F701-8468-4E2A-89FE-1880132AE35E}.Debug|x64.Build.0 = Debug|Any CPU
		{AD23F701-8468-4E2A-89FE-1880132AE35E}.Debug|x86.ActiveCfg = Debug|Any CPU
		{AD23F701-8468-4E2A-89FE-1880132AE35E}.Debug|x86.Build.0 = Debug|Any CPU
		{AD23F701-8468-4E2A-89FE-1880132AE35E}.Release|Any CPU.ActiveCfg = Release|Any CPU
		{AD23F701-8468-4E2A-89FE-1880132AE35E}.Release|Any CPU.Build.0 = Release|Any CPU
		{AD23F701-8468-4E2A-89FE-1880132AE35E}.Release|ARM.ActiveCfg = Release|Any CPU
		{AD23F701-8468-4E2A-89FE-1880132AE35E}.Release|ARM.Build.0 = Release|Any CPU
		{AD23F701-8468-4E2A-89FE-1880132AE35E}.Release|iPhone.ActiveCfg = Release|Any CPU
		{AD23F701-8468-4E2A-89FE-1880132AE35E}.Release|iPhone.Build.0 = Release|Any CPU
		{AD23F701-8468-4E2A-89FE-1880132AE35E}.Release|iPhoneSimulator.ActiveCfg = Release|Any CPU
		{AD23F701-8468-4E2A-89FE-1880132AE35E}.Release|iPhoneSimulator.Build.0 = Release|Any CPU
		{AD23F701-8468-4E2A-89FE-1880132AE35E}.Release|x64.ActiveCfg = Release|Any CPU
		{AD23F701-8468-4E2A-89FE-1880132AE35E}.Release|x64.Build.0 = Release|Any CPU
		{AD23F701-8468-4E2A-89FE-1880132AE35E}.Release|x86.ActiveCfg = Release|Any CPU
		{AD23F701-8468-4E2A-89FE-1880132AE35E}.Release|x86.Build.0 = Release|Any CPU
		{03C11661-218B-4F85-AE79-6A12A3AC5E67}.Ad-Hoc|Any CPU.ActiveCfg = Release|Any CPU
		{03C11661-218B-4F85-AE79-6A12A3AC5E67}.Ad-Hoc|Any CPU.Build.0 = Release|Any CPU
		{03C11661-218B-4F85-AE79-6A12A3AC5E67}.Ad-Hoc|Any CPU.Deploy.0 = Release|Any CPU
		{03C11661-218B-4F85-AE79-6A12A3AC5E67}.Ad-Hoc|ARM.ActiveCfg = Release|Any CPU
		{03C11661-218B-4F85-AE79-6A12A3AC5E67}.Ad-Hoc|ARM.Build.0 = Release|Any CPU
		{03C11661-218B-4F85-AE79-6A12A3AC5E67}.Ad-Hoc|ARM.Deploy.0 = Release|Any CPU
		{03C11661-218B-4F85-AE79-6A12A3AC5E67}.Ad-Hoc|iPhone.ActiveCfg = Release|Any CPU
		{03C11661-218B-4F85-AE79-6A12A3AC5E67}.Ad-Hoc|iPhone.Build.0 = Release|Any CPU
		{03C11661-218B-4F85-AE79-6A12A3AC5E67}.Ad-Hoc|iPhone.Deploy.0 = Release|Any CPU
		{03C11661-218B-4F85-AE79-6A12A3AC5E67}.Ad-Hoc|iPhoneSimulator.ActiveCfg = Release|Any CPU
		{03C11661-218B-4F85-AE79-6A12A3AC5E67}.Ad-Hoc|iPhoneSimulator.Build.0 = Release|Any CPU
		{03C11661-218B-4F85-AE79-6A12A3AC5E67}.Ad-Hoc|iPhoneSimulator.Deploy.0 = Release|Any CPU
		{03C11661-218B-4F85-AE79-6A12A3AC5E67}.Ad-Hoc|x64.ActiveCfg = Release|Any CPU
		{03C11661-218B-4F85-AE79-6A12A3AC5E67}.Ad-Hoc|x64.Build.0 = Release|Any CPU
		{03C11661-218B-4F85-AE79-6A12A3AC5E67}.Ad-Hoc|x64.Deploy.0 = Release|Any CPU
		{03C11661-218B-4F85-AE79-6A12A3AC5E67}.Ad-Hoc|x86.ActiveCfg = Release|Any CPU
		{03C11661-218B-4F85-AE79-6A12A3AC5E67}.Ad-Hoc|x86.Build.0 = Release|Any CPU
		{03C11661-218B-4F85-AE79-6A12A3AC5E67}.Ad-Hoc|x86.Deploy.0 = Release|Any CPU
		{03C11661-218B-4F85-AE79-6A12A3AC5E67}.AppStore|Any CPU.ActiveCfg = Release|Any CPU
		{03C11661-218B-4F85-AE79-6A12A3AC5E67}.AppStore|Any CPU.Build.0 = Release|Any CPU
		{03C11661-218B-4F85-AE79-6A12A3AC5E67}.AppStore|Any CPU.Deploy.0 = Release|Any CPU
		{03C11661-218B-4F85-AE79-6A12A3AC5E67}.AppStore|ARM.ActiveCfg = Release|Any CPU
		{03C11661-218B-4F85-AE79-6A12A3AC5E67}.AppStore|ARM.Build.0 = Release|Any CPU
		{03C11661-218B-4F85-AE79-6A12A3AC5E67}.AppStore|ARM.Deploy.0 = Release|Any CPU
		{03C11661-218B-4F85-AE79-6A12A3AC5E67}.AppStore|iPhone.ActiveCfg = Release|Any CPU
		{03C11661-218B-4F85-AE79-6A12A3AC5E67}.AppStore|iPhone.Build.0 = Release|Any CPU
		{03C11661-218B-4F85-AE79-6A12A3AC5E67}.AppStore|iPhone.Deploy.0 = Release|Any CPU
		{03C11661-218B-4F85-AE79-6A12A3AC5E67}.AppStore|iPhoneSimulator.ActiveCfg = Release|Any CPU
		{03C11661-218B-4F85-AE79-6A12A3AC5E67}.AppStore|iPhoneSimulator.Build.0 = Release|Any CPU
		{03C11661-218B-4F85-AE79-6A12A3AC5E67}.AppStore|iPhoneSimulator.Deploy.0 = Release|Any CPU
		{03C11661-218B-4F85-AE79-6A12A3AC5E67}.AppStore|x64.ActiveCfg = Release|Any CPU
		{03C11661-218B-4F85-AE79-6A12A3AC5E67}.AppStore|x64.Build.0 = Release|Any CPU
		{03C11661-218B-4F85-AE79-6A12A3AC5E67}.AppStore|x64.Deploy.0 = Release|Any CPU
		{03C11661-218B-4F85-AE79-6A12A3AC5E67}.AppStore|x86.ActiveCfg = Release|Any CPU
		{03C11661-218B-4F85-AE79-6A12A3AC5E67}.AppStore|x86.Build.0 = Release|Any CPU
		{03C11661-218B-4F85-AE79-6A12A3AC5E67}.AppStore|x86.Deploy.0 = Release|Any CPU
		{03C11661-218B-4F85-AE79-6A12A3AC5E67}.Debug|Any CPU.ActiveCfg = Debug|Any CPU
		{03C11661-218B-4F85-AE79-6A12A3AC5E67}.Debug|Any CPU.Build.0 = Debug|Any CPU
		{03C11661-218B-4F85-AE79-6A12A3AC5E67}.Debug|Any CPU.Deploy.0 = Debug|Any CPU
		{03C11661-218B-4F85-AE79-6A12A3AC5E67}.Debug|ARM.ActiveCfg = Debug|Any CPU
		{03C11661-218B-4F85-AE79-6A12A3AC5E67}.Debug|ARM.Build.0 = Debug|Any CPU
		{03C11661-218B-4F85-AE79-6A12A3AC5E67}.Debug|ARM.Deploy.0 = Debug|Any CPU
		{03C11661-218B-4F85-AE79-6A12A3AC5E67}.Debug|iPhone.ActiveCfg = Debug|Any CPU
		{03C11661-218B-4F85-AE79-6A12A3AC5E67}.Debug|iPhone.Build.0 = Debug|Any CPU
		{03C11661-218B-4F85-AE79-6A12A3AC5E67}.Debug|iPhone.Deploy.0 = Debug|Any CPU
		{03C11661-218B-4F85-AE79-6A12A3AC5E67}.Debug|iPhoneSimulator.ActiveCfg = Debug|Any CPU
		{03C11661-218B-4F85-AE79-6A12A3AC5E67}.Debug|iPhoneSimulator.Build.0 = Debug|Any CPU
		{03C11661-218B-4F85-AE79-6A12A3AC5E67}.Debug|iPhoneSimulator.Deploy.0 = Debug|Any CPU
		{03C11661-218B-4F85-AE79-6A12A3AC5E67}.Debug|x64.ActiveCfg = Debug|Any CPU
		{03C11661-218B-4F85-AE79-6A12A3AC5E67}.Debug|x64.Build.0 = Debug|Any CPU
		{03C11661-218B-4F85-AE79-6A12A3AC5E67}.Debug|x64.Deploy.0 = Debug|Any CPU
		{03C11661-218B-4F85-AE79-6A12A3AC5E67}.Debug|x86.ActiveCfg = Debug|Any CPU
		{03C11661-218B-4F85-AE79-6A12A3AC5E67}.Debug|x86.Build.0 = Debug|Any CPU
		{03C11661-218B-4F85-AE79-6A12A3AC5E67}.Debug|x86.Deploy.0 = Debug|Any CPU
		{03C11661-218B-4F85-AE79-6A12A3AC5E67}.Release|Any CPU.ActiveCfg = Release|Any CPU
		{03C11661-218B-4F85-AE79-6A12A3AC5E67}.Release|Any CPU.Build.0 = Release|Any CPU
		{03C11661-218B-4F85-AE79-6A12A3AC5E67}.Release|Any CPU.Deploy.0 = Release|Any CPU
		{03C11661-218B-4F85-AE79-6A12A3AC5E67}.Release|ARM.ActiveCfg = Release|Any CPU
		{03C11661-218B-4F85-AE79-6A12A3AC5E67}.Release|ARM.Build.0 = Release|Any CPU
		{03C11661-218B-4F85-AE79-6A12A3AC5E67}.Release|ARM.Deploy.0 = Release|Any CPU
		{03C11661-218B-4F85-AE79-6A12A3AC5E67}.Release|iPhone.ActiveCfg = Release|Any CPU
		{03C11661-218B-4F85-AE79-6A12A3AC5E67}.Release|iPhone.Build.0 = Release|Any CPU
		{03C11661-218B-4F85-AE79-6A12A3AC5E67}.Release|iPhone.Deploy.0 = Release|Any CPU
		{03C11661-218B-4F85-AE79-6A12A3AC5E67}.Release|iPhoneSimulator.ActiveCfg = Release|Any CPU
		{03C11661-218B-4F85-AE79-6A12A3AC5E67}.Release|iPhoneSimulator.Build.0 = Release|Any CPU
		{03C11661-218B-4F85-AE79-6A12A3AC5E67}.Release|iPhoneSimulator.Deploy.0 = Release|Any CPU
		{03C11661-218B-4F85-AE79-6A12A3AC5E67}.Release|x64.ActiveCfg = Release|Any CPU
		{03C11661-218B-4F85-AE79-6A12A3AC5E67}.Release|x64.Build.0 = Release|Any CPU
		{03C11661-218B-4F85-AE79-6A12A3AC5E67}.Release|x64.Deploy.0 = Release|Any CPU
		{03C11661-218B-4F85-AE79-6A12A3AC5E67}.Release|x86.ActiveCfg = Release|Any CPU
		{03C11661-218B-4F85-AE79-6A12A3AC5E67}.Release|x86.Build.0 = Release|Any CPU
		{03C11661-218B-4F85-AE79-6A12A3AC5E67}.Release|x86.Deploy.0 = Release|Any CPU
		{07EED623-8748-4D16-A3FF-756FECB7CD09}.Ad-Hoc|Any CPU.ActiveCfg = Ad-Hoc|iPhone
		{07EED623-8748-4D16-A3FF-756FECB7CD09}.Ad-Hoc|ARM.ActiveCfg = Ad-Hoc|iPhone
		{07EED623-8748-4D16-A3FF-756FECB7CD09}.Ad-Hoc|iPhone.ActiveCfg = Ad-Hoc|iPhone
		{07EED623-8748-4D16-A3FF-756FECB7CD09}.Ad-Hoc|iPhone.Build.0 = Ad-Hoc|iPhone
		{07EED623-8748-4D16-A3FF-756FECB7CD09}.Ad-Hoc|iPhoneSimulator.ActiveCfg = Ad-Hoc|iPhoneSimulator
		{07EED623-8748-4D16-A3FF-756FECB7CD09}.Ad-Hoc|iPhoneSimulator.Build.0 = Ad-Hoc|iPhoneSimulator
		{07EED623-8748-4D16-A3FF-756FECB7CD09}.Ad-Hoc|x64.ActiveCfg = Ad-Hoc|iPhone
		{07EED623-8748-4D16-A3FF-756FECB7CD09}.Ad-Hoc|x86.ActiveCfg = Ad-Hoc|iPhone
		{07EED623-8748-4D16-A3FF-756FECB7CD09}.AppStore|Any CPU.ActiveCfg = AppStore|iPhone
		{07EED623-8748-4D16-A3FF-756FECB7CD09}.AppStore|ARM.ActiveCfg = AppStore|iPhone
		{07EED623-8748-4D16-A3FF-756FECB7CD09}.AppStore|iPhone.ActiveCfg = AppStore|iPhone
		{07EED623-8748-4D16-A3FF-756FECB7CD09}.AppStore|iPhone.Build.0 = AppStore|iPhone
		{07EED623-8748-4D16-A3FF-756FECB7CD09}.AppStore|iPhoneSimulator.ActiveCfg = AppStore|iPhoneSimulator
		{07EED623-8748-4D16-A3FF-756FECB7CD09}.AppStore|iPhoneSimulator.Build.0 = AppStore|iPhoneSimulator
		{07EED623-8748-4D16-A3FF-756FECB7CD09}.AppStore|x64.ActiveCfg = AppStore|iPhone
		{07EED623-8748-4D16-A3FF-756FECB7CD09}.AppStore|x86.ActiveCfg = AppStore|iPhone
		{07EED623-8748-4D16-A3FF-756FECB7CD09}.Debug|Any CPU.ActiveCfg = Debug|iPhone
		{07EED623-8748-4D16-A3FF-756FECB7CD09}.Debug|ARM.ActiveCfg = Debug|iPhone
		{07EED623-8748-4D16-A3FF-756FECB7CD09}.Debug|iPhone.ActiveCfg = Debug|iPhone
		{07EED623-8748-4D16-A3FF-756FECB7CD09}.Debug|iPhone.Build.0 = Debug|iPhone
		{07EED623-8748-4D16-A3FF-756FECB7CD09}.Debug|iPhoneSimulator.ActiveCfg = Debug|iPhoneSimulator
		{07EED623-8748-4D16-A3FF-756FECB7CD09}.Debug|iPhoneSimulator.Build.0 = Debug|iPhoneSimulator
		{07EED623-8748-4D16-A3FF-756FECB7CD09}.Debug|x64.ActiveCfg = Debug|iPhone
		{07EED623-8748-4D16-A3FF-756FECB7CD09}.Debug|x86.ActiveCfg = Debug|iPhone
		{07EED623-8748-4D16-A3FF-756FECB7CD09}.Release|Any CPU.ActiveCfg = Release|iPhone
		{07EED623-8748-4D16-A3FF-756FECB7CD09}.Release|ARM.ActiveCfg = Release|iPhone
		{07EED623-8748-4D16-A3FF-756FECB7CD09}.Release|iPhone.ActiveCfg = Release|iPhone
		{07EED623-8748-4D16-A3FF-756FECB7CD09}.Release|iPhone.Build.0 = Release|iPhone
		{07EED623-8748-4D16-A3FF-756FECB7CD09}.Release|iPhoneSimulator.ActiveCfg = Release|iPhoneSimulator
		{07EED623-8748-4D16-A3FF-756FECB7CD09}.Release|iPhoneSimulator.Build.0 = Release|iPhoneSimulator
		{07EED623-8748-4D16-A3FF-756FECB7CD09}.Release|x64.ActiveCfg = Release|iPhone
		{07EED623-8748-4D16-A3FF-756FECB7CD09}.Release|x86.ActiveCfg = Release|iPhone
		{18A29421-4A4A-4FF0-81AE-69BE2119668A}.Ad-Hoc|Any CPU.ActiveCfg = Release|Any CPU
		{18A29421-4A4A-4FF0-81AE-69BE2119668A}.Ad-Hoc|Any CPU.Build.0 = Release|Any CPU
		{18A29421-4A4A-4FF0-81AE-69BE2119668A}.Ad-Hoc|Any CPU.Deploy.0 = Release|Any CPU
		{18A29421-4A4A-4FF0-81AE-69BE2119668A}.Ad-Hoc|ARM.ActiveCfg = Release|ARM
		{18A29421-4A4A-4FF0-81AE-69BE2119668A}.Ad-Hoc|ARM.Build.0 = Release|ARM
		{18A29421-4A4A-4FF0-81AE-69BE2119668A}.Ad-Hoc|ARM.Deploy.0 = Release|ARM
		{18A29421-4A4A-4FF0-81AE-69BE2119668A}.Ad-Hoc|iPhone.ActiveCfg = Release|Any CPU
		{18A29421-4A4A-4FF0-81AE-69BE2119668A}.Ad-Hoc|iPhone.Build.0 = Release|Any CPU
		{18A29421-4A4A-4FF0-81AE-69BE2119668A}.Ad-Hoc|iPhone.Deploy.0 = Release|Any CPU
		{18A29421-4A4A-4FF0-81AE-69BE2119668A}.Ad-Hoc|iPhoneSimulator.ActiveCfg = Release|Any CPU
		{18A29421-4A4A-4FF0-81AE-69BE2119668A}.Ad-Hoc|iPhoneSimulator.Build.0 = Release|Any CPU
		{18A29421-4A4A-4FF0-81AE-69BE2119668A}.Ad-Hoc|iPhoneSimulator.Deploy.0 = Release|Any CPU
		{18A29421-4A4A-4FF0-81AE-69BE2119668A}.Ad-Hoc|x64.ActiveCfg = Release|Any CPU
		{18A29421-4A4A-4FF0-81AE-69BE2119668A}.Ad-Hoc|x64.Build.0 = Release|Any CPU
		{18A29421-4A4A-4FF0-81AE-69BE2119668A}.Ad-Hoc|x64.Deploy.0 = Release|Any CPU
		{18A29421-4A4A-4FF0-81AE-69BE2119668A}.Ad-Hoc|x86.ActiveCfg = Release|x86
		{18A29421-4A4A-4FF0-81AE-69BE2119668A}.Ad-Hoc|x86.Build.0 = Release|x86
		{18A29421-4A4A-4FF0-81AE-69BE2119668A}.Ad-Hoc|x86.Deploy.0 = Release|x86
		{18A29421-4A4A-4FF0-81AE-69BE2119668A}.AppStore|Any CPU.ActiveCfg = Release|Any CPU
		{18A29421-4A4A-4FF0-81AE-69BE2119668A}.AppStore|Any CPU.Build.0 = Release|Any CPU
		{18A29421-4A4A-4FF0-81AE-69BE2119668A}.AppStore|Any CPU.Deploy.0 = Release|Any CPU
		{18A29421-4A4A-4FF0-81AE-69BE2119668A}.AppStore|ARM.ActiveCfg = Release|ARM
		{18A29421-4A4A-4FF0-81AE-69BE2119668A}.AppStore|ARM.Build.0 = Release|ARM
		{18A29421-4A4A-4FF0-81AE-69BE2119668A}.AppStore|ARM.Deploy.0 = Release|ARM
		{18A29421-4A4A-4FF0-81AE-69BE2119668A}.AppStore|iPhone.ActiveCfg = Release|Any CPU
		{18A29421-4A4A-4FF0-81AE-69BE2119668A}.AppStore|iPhone.Build.0 = Release|Any CPU
		{18A29421-4A4A-4FF0-81AE-69BE2119668A}.AppStore|iPhone.Deploy.0 = Release|Any CPU
		{18A29421-4A4A-4FF0-81AE-69BE2119668A}.AppStore|iPhoneSimulator.ActiveCfg = Release|Any CPU
		{18A29421-4A4A-4FF0-81AE-69BE2119668A}.AppStore|iPhoneSimulator.Build.0 = Release|Any CPU
		{18A29421-4A4A-4FF0-81AE-69BE2119668A}.AppStore|iPhoneSimulator.Deploy.0 = Release|Any CPU
		{18A29421-4A4A-4FF0-81AE-69BE2119668A}.AppStore|x64.ActiveCfg = Release|Any CPU
		{18A29421-4A4A-4FF0-81AE-69BE2119668A}.AppStore|x64.Build.0 = Release|Any CPU
		{18A29421-4A4A-4FF0-81AE-69BE2119668A}.AppStore|x64.Deploy.0 = Release|Any CPU
		{18A29421-4A4A-4FF0-81AE-69BE2119668A}.AppStore|x86.ActiveCfg = Release|x86
		{18A29421-4A4A-4FF0-81AE-69BE2119668A}.AppStore|x86.Build.0 = Release|x86
		{18A29421-4A4A-4FF0-81AE-69BE2119668A}.AppStore|x86.Deploy.0 = Release|x86
		{18A29421-4A4A-4FF0-81AE-69BE2119668A}.Debug|Any CPU.ActiveCfg = Debug|Any CPU
		{18A29421-4A4A-4FF0-81AE-69BE2119668A}.Debug|Any CPU.Build.0 = Debug|Any CPU
		{18A29421-4A4A-4FF0-81AE-69BE2119668A}.Debug|Any CPU.Deploy.0 = Debug|Any CPU
		{18A29421-4A4A-4FF0-81AE-69BE2119668A}.Debug|ARM.ActiveCfg = Debug|ARM
		{18A29421-4A4A-4FF0-81AE-69BE2119668A}.Debug|ARM.Build.0 = Debug|ARM
		{18A29421-4A4A-4FF0-81AE-69BE2119668A}.Debug|ARM.Deploy.0 = Debug|ARM
		{18A29421-4A4A-4FF0-81AE-69BE2119668A}.Debug|iPhone.ActiveCfg = Debug|Any CPU
		{18A29421-4A4A-4FF0-81AE-69BE2119668A}.Debug|iPhone.Build.0 = Debug|Any CPU
		{18A29421-4A4A-4FF0-81AE-69BE2119668A}.Debug|iPhone.Deploy.0 = Debug|Any CPU
		{18A29421-4A4A-4FF0-81AE-69BE2119668A}.Debug|iPhoneSimulator.ActiveCfg = Debug|Any CPU
		{18A29421-4A4A-4FF0-81AE-69BE2119668A}.Debug|iPhoneSimulator.Build.0 = Debug|Any CPU
		{18A29421-4A4A-4FF0-81AE-69BE2119668A}.Debug|iPhoneSimulator.Deploy.0 = Debug|Any CPU
		{18A29421-4A4A-4FF0-81AE-69BE2119668A}.Debug|x64.ActiveCfg = Debug|Any CPU
		{18A29421-4A4A-4FF0-81AE-69BE2119668A}.Debug|x64.Build.0 = Debug|Any CPU
		{18A29421-4A4A-4FF0-81AE-69BE2119668A}.Debug|x64.Deploy.0 = Debug|Any CPU
		{18A29421-4A4A-4FF0-81AE-69BE2119668A}.Debug|x86.ActiveCfg = Debug|x86
		{18A29421-4A4A-4FF0-81AE-69BE2119668A}.Debug|x86.Build.0 = Debug|x86
		{18A29421-4A4A-4FF0-81AE-69BE2119668A}.Debug|x86.Deploy.0 = Debug|x86
		{18A29421-4A4A-4FF0-81AE-69BE2119668A}.Release|Any CPU.ActiveCfg = Release|Any CPU
		{18A29421-4A4A-4FF0-81AE-69BE2119668A}.Release|Any CPU.Build.0 = Release|Any CPU
		{18A29421-4A4A-4FF0-81AE-69BE2119668A}.Release|Any CPU.Deploy.0 = Release|Any CPU
		{18A29421-4A4A-4FF0-81AE-69BE2119668A}.Release|ARM.ActiveCfg = Release|ARM
		{18A29421-4A4A-4FF0-81AE-69BE2119668A}.Release|ARM.Build.0 = Release|ARM
		{18A29421-4A4A-4FF0-81AE-69BE2119668A}.Release|ARM.Deploy.0 = Release|ARM
		{18A29421-4A4A-4FF0-81AE-69BE2119668A}.Release|iPhone.ActiveCfg = Release|Any CPU
		{18A29421-4A4A-4FF0-81AE-69BE2119668A}.Release|iPhone.Build.0 = Release|Any CPU
		{18A29421-4A4A-4FF0-81AE-69BE2119668A}.Release|iPhone.Deploy.0 = Release|Any CPU
		{18A29421-4A4A-4FF0-81AE-69BE2119668A}.Release|iPhoneSimulator.ActiveCfg = Release|Any CPU
		{18A29421-4A4A-4FF0-81AE-69BE2119668A}.Release|iPhoneSimulator.Build.0 = Release|Any CPU
		{18A29421-4A4A-4FF0-81AE-69BE2119668A}.Release|iPhoneSimulator.Deploy.0 = Release|Any CPU
		{18A29421-4A4A-4FF0-81AE-69BE2119668A}.Release|x64.ActiveCfg = Release|Any CPU
		{18A29421-4A4A-4FF0-81AE-69BE2119668A}.Release|x64.Build.0 = Release|Any CPU
		{18A29421-4A4A-4FF0-81AE-69BE2119668A}.Release|x64.Deploy.0 = Release|Any CPU
		{18A29421-4A4A-4FF0-81AE-69BE2119668A}.Release|x86.ActiveCfg = Release|x86
		{18A29421-4A4A-4FF0-81AE-69BE2119668A}.Release|x86.Build.0 = Release|x86
		{18A29421-4A4A-4FF0-81AE-69BE2119668A}.Release|x86.Deploy.0 = Release|x86
		{A95FD9A8-F081-4CD9-8A38-EEA0F375A764}.Ad-Hoc|Any CPU.ActiveCfg = Release|Any CPU
		{A95FD9A8-F081-4CD9-8A38-EEA0F375A764}.Ad-Hoc|Any CPU.Build.0 = Release|Any CPU
		{A95FD9A8-F081-4CD9-8A38-EEA0F375A764}.Ad-Hoc|Any CPU.Deploy.0 = Release|Any CPU
		{A95FD9A8-F081-4CD9-8A38-EEA0F375A764}.Ad-Hoc|ARM.ActiveCfg = Release|ARM
		{A95FD9A8-F081-4CD9-8A38-EEA0F375A764}.Ad-Hoc|ARM.Build.0 = Release|ARM
		{A95FD9A8-F081-4CD9-8A38-EEA0F375A764}.Ad-Hoc|ARM.Deploy.0 = Release|ARM
		{A95FD9A8-F081-4CD9-8A38-EEA0F375A764}.Ad-Hoc|iPhone.ActiveCfg = Release|Any CPU
		{A95FD9A8-F081-4CD9-8A38-EEA0F375A764}.Ad-Hoc|iPhone.Build.0 = Release|Any CPU
		{A95FD9A8-F081-4CD9-8A38-EEA0F375A764}.Ad-Hoc|iPhone.Deploy.0 = Release|Any CPU
		{A95FD9A8-F081-4CD9-8A38-EEA0F375A764}.Ad-Hoc|iPhoneSimulator.ActiveCfg = Release|Any CPU
		{A95FD9A8-F081-4CD9-8A38-EEA0F375A764}.Ad-Hoc|iPhoneSimulator.Build.0 = Release|Any CPU
		{A95FD9A8-F081-4CD9-8A38-EEA0F375A764}.Ad-Hoc|iPhoneSimulator.Deploy.0 = Release|Any CPU
		{A95FD9A8-F081-4CD9-8A38-EEA0F375A764}.Ad-Hoc|x64.ActiveCfg = Release|x64
		{A95FD9A8-F081-4CD9-8A38-EEA0F375A764}.Ad-Hoc|x64.Build.0 = Release|x64
		{A95FD9A8-F081-4CD9-8A38-EEA0F375A764}.Ad-Hoc|x64.Deploy.0 = Release|x64
		{A95FD9A8-F081-4CD9-8A38-EEA0F375A764}.Ad-Hoc|x86.ActiveCfg = Release|x86
		{A95FD9A8-F081-4CD9-8A38-EEA0F375A764}.Ad-Hoc|x86.Build.0 = Release|x86
		{A95FD9A8-F081-4CD9-8A38-EEA0F375A764}.Ad-Hoc|x86.Deploy.0 = Release|x86
		{A95FD9A8-F081-4CD9-8A38-EEA0F375A764}.AppStore|Any CPU.ActiveCfg = Release|Any CPU
		{A95FD9A8-F081-4CD9-8A38-EEA0F375A764}.AppStore|Any CPU.Build.0 = Release|Any CPU
		{A95FD9A8-F081-4CD9-8A38-EEA0F375A764}.AppStore|Any CPU.Deploy.0 = Release|Any CPU
		{A95FD9A8-F081-4CD9-8A38-EEA0F375A764}.AppStore|ARM.ActiveCfg = Release|ARM
		{A95FD9A8-F081-4CD9-8A38-EEA0F375A764}.AppStore|ARM.Build.0 = Release|ARM
		{A95FD9A8-F081-4CD9-8A38-EEA0F375A764}.AppStore|ARM.Deploy.0 = Release|ARM
		{A95FD9A8-F081-4CD9-8A38-EEA0F375A764}.AppStore|iPhone.ActiveCfg = Release|Any CPU
		{A95FD9A8-F081-4CD9-8A38-EEA0F375A764}.AppStore|iPhone.Build.0 = Release|Any CPU
		{A95FD9A8-F081-4CD9-8A38-EEA0F375A764}.AppStore|iPhone.Deploy.0 = Release|Any CPU
		{A95FD9A8-F081-4CD9-8A38-EEA0F375A764}.AppStore|iPhoneSimulator.ActiveCfg = Release|Any CPU
		{A95FD9A8-F081-4CD9-8A38-EEA0F375A764}.AppStore|iPhoneSimulator.Build.0 = Release|Any CPU
		{A95FD9A8-F081-4CD9-8A38-EEA0F375A764}.AppStore|iPhoneSimulator.Deploy.0 = Release|Any CPU
		{A95FD9A8-F081-4CD9-8A38-EEA0F375A764}.AppStore|x64.ActiveCfg = Release|x64
		{A95FD9A8-F081-4CD9-8A38-EEA0F375A764}.AppStore|x64.Build.0 = Release|x64
		{A95FD9A8-F081-4CD9-8A38-EEA0F375A764}.AppStore|x64.Deploy.0 = Release|x64
		{A95FD9A8-F081-4CD9-8A38-EEA0F375A764}.AppStore|x86.ActiveCfg = Release|x86
		{A95FD9A8-F081-4CD9-8A38-EEA0F375A764}.AppStore|x86.Build.0 = Release|x86
		{A95FD9A8-F081-4CD9-8A38-EEA0F375A764}.AppStore|x86.Deploy.0 = Release|x86
		{A95FD9A8-F081-4CD9-8A38-EEA0F375A764}.Debug|Any CPU.ActiveCfg = Debug|Any CPU
		{A95FD9A8-F081-4CD9-8A38-EEA0F375A764}.Debug|Any CPU.Build.0 = Debug|Any CPU
		{A95FD9A8-F081-4CD9-8A38-EEA0F375A764}.Debug|Any CPU.Deploy.0 = Debug|Any CPU
		{A95FD9A8-F081-4CD9-8A38-EEA0F375A764}.Debug|ARM.ActiveCfg = Debug|ARM
		{A95FD9A8-F081-4CD9-8A38-EEA0F375A764}.Debug|ARM.Build.0 = Debug|ARM
		{A95FD9A8-F081-4CD9-8A38-EEA0F375A764}.Debug|ARM.Deploy.0 = Debug|ARM
		{A95FD9A8-F081-4CD9-8A38-EEA0F375A764}.Debug|iPhone.ActiveCfg = Debug|Any CPU
		{A95FD9A8-F081-4CD9-8A38-EEA0F375A764}.Debug|iPhone.Build.0 = Debug|Any CPU
		{A95FD9A8-F081-4CD9-8A38-EEA0F375A764}.Debug|iPhone.Deploy.0 = Debug|Any CPU
		{A95FD9A8-F081-4CD9-8A38-EEA0F375A764}.Debug|iPhoneSimulator.ActiveCfg = Debug|Any CPU
		{A95FD9A8-F081-4CD9-8A38-EEA0F375A764}.Debug|iPhoneSimulator.Build.0 = Debug|Any CPU
		{A95FD9A8-F081-4CD9-8A38-EEA0F375A764}.Debug|iPhoneSimulator.Deploy.0 = Debug|Any CPU
		{A95FD9A8-F081-4CD9-8A38-EEA0F375A764}.Debug|x64.ActiveCfg = Debug|x64
		{A95FD9A8-F081-4CD9-8A38-EEA0F375A764}.Debug|x64.Build.0 = Debug|x64
		{A95FD9A8-F081-4CD9-8A38-EEA0F375A764}.Debug|x64.Deploy.0 = Debug|x64
		{A95FD9A8-F081-4CD9-8A38-EEA0F375A764}.Debug|x86.ActiveCfg = Debug|x86
		{A95FD9A8-F081-4CD9-8A38-EEA0F375A764}.Debug|x86.Build.0 = Debug|x86
		{A95FD9A8-F081-4CD9-8A38-EEA0F375A764}.Debug|x86.Deploy.0 = Debug|x86
		{A95FD9A8-F081-4CD9-8A38-EEA0F375A764}.Release|Any CPU.ActiveCfg = Release|Any CPU
		{A95FD9A8-F081-4CD9-8A38-EEA0F375A764}.Release|Any CPU.Build.0 = Release|Any CPU
		{A95FD9A8-F081-4CD9-8A38-EEA0F375A764}.Release|Any CPU.Deploy.0 = Release|Any CPU
		{A95FD9A8-F081-4CD9-8A38-EEA0F375A764}.Release|ARM.ActiveCfg = Release|ARM
		{A95FD9A8-F081-4CD9-8A38-EEA0F375A764}.Release|ARM.Build.0 = Release|ARM
		{A95FD9A8-F081-4CD9-8A38-EEA0F375A764}.Release|ARM.Deploy.0 = Release|ARM
		{A95FD9A8-F081-4CD9-8A38-EEA0F375A764}.Release|iPhone.ActiveCfg = Release|Any CPU
		{A95FD9A8-F081-4CD9-8A38-EEA0F375A764}.Release|iPhone.Build.0 = Release|Any CPU
		{A95FD9A8-F081-4CD9-8A38-EEA0F375A764}.Release|iPhone.Deploy.0 = Release|Any CPU
		{A95FD9A8-F081-4CD9-8A38-EEA0F375A764}.Release|iPhoneSimulator.ActiveCfg = Release|Any CPU
		{A95FD9A8-F081-4CD9-8A38-EEA0F375A764}.Release|iPhoneSimulator.Build.0 = Release|Any CPU
		{A95FD9A8-F081-4CD9-8A38-EEA0F375A764}.Release|iPhoneSimulator.Deploy.0 = Release|Any CPU
		{A95FD9A8-F081-4CD9-8A38-EEA0F375A764}.Release|x64.ActiveCfg = Release|x64
		{A95FD9A8-F081-4CD9-8A38-EEA0F375A764}.Release|x64.Build.0 = Release|x64
		{A95FD9A8-F081-4CD9-8A38-EEA0F375A764}.Release|x64.Deploy.0 = Release|x64
		{A95FD9A8-F081-4CD9-8A38-EEA0F375A764}.Release|x86.ActiveCfg = Release|x86
		{A95FD9A8-F081-4CD9-8A38-EEA0F375A764}.Release|x86.Build.0 = Release|x86
		{A95FD9A8-F081-4CD9-8A38-EEA0F375A764}.Release|x86.Deploy.0 = Release|x86
	EndGlobalSection
	GlobalSection(SolutionProperties) = preSolution
		HideSolutionNode = FALSE
	EndGlobalSection
EndGlobal
